
Microsoft Visual Studio Solution File, Format Version 12.00
# Visual Studio Version 17
VisualStudioVersion = 17.2.32630.192
MinimumVisualStudioVersion = 10.0.40219.1
Project("{FAE04EC0-301F-11D3-BF4B-00C04F79EFBC}") = "HelloSourceControl", "HelloSourceControl\HelloSourceControl.csproj", "{18F9943A-0071-41B6-BB75-5B007D71C29C}"
EndProject
Global
	GlobalSection(SolutionConfigurationPlatforms) = preSolution
		Debug|Any CPU = Debug|Any CPU
		Release|Any CPU = Release|Any CPU
	EndGlobalSection
	GlobalSection(ProjectConfigurationPlatforms) = postSolution
		{18F9943A-0071-41B6-BB75-5B007D71C29C}.Debug|Any CPU.ActiveCfg = Debug|Any CPU
		{18F9943A-0071-41B6-BB75-5B007D71C29C}.Debug|Any CPU.Build.0 = Debug|Any CPU
		{18F9943A-0071-41B6-BB75-5B007D71C29C}.Release|Any CPU.ActiveCfg = Release|Any CPU
		{18F9943A-0071-41B6-BB75-5B007D71C29C}.Release|Any CPU.Build.0 = Release|Any CPU
	EndGlobalSection
	GlobalSection(SolutionProperties) = preSolution
		HideSolutionNode = FALSE
	EndGlobalSection
	GlobalSection(ExtensibilityGlobals) = postSolution
		SolutionGuid = {59A51B67-3856-47FC-9CB1-D32B6597D31D}
	EndGlobalSection
EndGlobal
